PODS:
  - RxBlocking (2.0.0-alpha.2):
    - RxSwift (~> 2.0.0-alpha)
  - RxCocoa (2.0.0-alpha.2):
    - RxSwift (~> 2.0.0-alpha)
  - RxSwift (2.0.0-alpha.2)

DEPENDENCIES:
  - RxBlocking (~> 2.0.0-alpha)
  - RxCocoa (~> 2.0.0-alpha)
  - RxSwift (~> 2.0.0-alpha)

SPEC CHECKSUMS:
  RxBlocking: 0f0fc3a2a845d5bde0cc9fafa949d3af1b0f491c
  RxCocoa: 77f76f7319f725cfb418fcb74388689753cbfac6
  RxSwift: 0450126df5f8de3ec7ee789b420d7ba98baea364

COCOAPODS: 0.38.2
